// !$*UTF8*$!
{
	archiveVersion = 1;
	classes = {
	};
	objectVersion = 51;
	objects = {

/* Begin PBXBuildFile section */
		110EACC833B5BA0D9E0C9CC3 /* Pods_Flixster.framework in Frameworks */ = {isa = PBXBuildFile; fileRef = 3AE7720F2F2E9555F5E2C380 /* Pods_Flixster.framework */; };
		42C90E33594837BA4EA2894E /* Pods_Flixster_FlixsterUITests.framework in Frameworks */ = {isa = PBXBuildFile; fileRef = 36912F3BB14F574FCE3F86B2 /* Pods_Flixster_FlixsterUITests.framework */; };
		7828CA8E2DA4D820950FD6CF /* Pods_FlixsterTests.framework in Frameworks */ = {isa = PBXBuildFile; fileRef = BDCD82BD2D828F494FD8BF33 /* Pods_FlixsterTests.framework */; };
		BAC03A5F251FBAA4007C842A /* AppDelegate.swift in Sources */ = {isa = PBXBuildFile; fileRef = BAC03A5E251FBAA4007C842A /* AppDelegate.swift */; };
		BAC03A61251FBAA4007C842A /* SceneDelegate.swift in Sources */ = {isa = PBXBuildFile; fileRef = BAC03A60251FBAA4007C842A /* SceneDelegate.swift */; };
		BAC03A66251FBAA4007C842A /* Main.storyboard in Resources */ = {isa = PBXBuildFile; fileRef = BAC03A64251FBAA4007C842A /* Main.storyboard */; };
		BAC03A68251FBAA4007C842A /* Assets.xcassets in Resources */ = {isa = PBXBuildFile; fileRef = BAC03A67251FBAA4007C842A /* Assets.xcassets */; };
		BAC03A6B251FBAA4007C842A /* LaunchScreen.storyboard in Resources */ = {isa = PBXBuildFile; fileRef = BAC03A69251FBAA4007C842A /* LaunchScreen.storyboard */; };
		BAC03A76251FBAA4007C842A /* FlixsterTests.swift in Sources */ = {isa = PBXBuildFile; fileRef = BAC03A75251FBAA4007C842A /* FlixsterTests.swift */; };
		BAC03A81251FBAA5007C842A /* FlixsterUITests.swift in Sources */ = {isa = PBXBuildFile; fileRef = BAC03A80251FBAA5007C842A /* FlixsterUITests.swift */; };
		BAC03A92251FBC96007C842A /* MoviesViewController.swift in Sources */ = {isa = PBXBuildFile; fileRef = BAC03A91251FBC96007C842A /* MoviesViewController.swift */; };
		BAC03A97251FD100007C842A /* MovieCell.swift in Sources */ = {isa = PBXBuildFile; fileRef = BAC03A96251FD100007C842A /* MovieCell.swift */; };
		BAE71262252BA3A5001FF4AD /* MovieDetailsViewController.swift in Sources */ = {isa = PBXBuildFile; fileRef = BAE71261252BA3A5001FF4AD /* MovieDetailsViewController.swift */; };
		BAE71267252BBD67001FF4AD /* MovieGridViewController.swift in Sources */ = {isa = PBXBuildFile; fileRef = BAE71266252BBD67001FF4AD /* MovieGridViewController.swift */; };
		BAE7126C252BE27B001FF4AD /* MovieGridCell.swift in Sources */ = {isa = PBXBuildFile; fileRef = BAE7126B252BE27A001FF4AD /* MovieGridCell.swift */; };
/* End PBXBuildFile section */

/* Begin PBXContainerItemProxy section */
		BAC03A72251FBAA4007C842A /* PBXContainerItemProxy */ = {
			isa = PBXContainerItemProxy;
			containerPortal = BAC03A53251FBAA4007C842A /* Project object */;
			proxyType = 1;
			remoteGlobalIDString = BAC03A5A251FBAA4007C842A;
			remoteInfo = Flixster;
		};
		BAC03A7D251FBAA5007C842A /* PBXContainerItemProxy */ = {
			isa = PBXContainerItemProxy;
			containerPortal = BAC03A53251FBAA4007C842A /* Project object */;
			proxyType = 1;
			remoteGlobalIDString = BAC03A5A251FBAA4007C842A;
			remoteInfo = Flixster;
		};
/* End PBXContainerItemProxy section */

/* Begin PBXFileReference section */
		36912F3BB14F574FCE3F86B2 /* Pods_Flixster_FlixsterUITests.framework */ = {isa = PBXFileReference; explicitFileType = wrapper.framework; includeInIndex = 0; path = Pods_Flixster_FlixsterUITests.framework; sourceTree = BUILT_PRODUCTS_DIR; };
		3AE7720F2F2E9555F5E2C380 /* Pods_Flixster.framework */ = {isa = PBXFileReference; explicitFileType = wrapper.framework; includeInIndex = 0; path = Pods_Flixster.framework; sourceTree = BUILT_PRODUCTS_DIR; };
		63A3B24EACC5B8E93D54DC78 /* Pods-Flixster.debug.xcconfig */ = {isa = PBXFileReference; includeInIndex = 1; lastKnownFileType = text.xcconfig; name = "Pods-Flixster.debug.xcconfig"; path = "Target Support Files/Pods-Flixster/Pods-Flixster.debug.xcconfig"; sourceTree = "<group>"; };
		82E5C835AA243BD6D216E9E2 /* Pods-FlixsterTests.release.xcconfig */ = {isa = PBXFileReference; includeInIndex = 1; lastKnownFileType = text.xcconfig; name = "Pods-FlixsterTests.release.xcconfig"; path = "Target Support Files/Pods-FlixsterTests/Pods-FlixsterTests.release.xcconfig"; sourceTree = "<group>"; };
		A14B7E2CA32C5920CB00FE11 /* Pods-Flixster.release.xcconfig */ = {isa = PBXFileReference; includeInIndex = 1; lastKnownFileType = text.xcconfig; name = "Pods-Flixster.release.xcconfig"; path = "Target Support Files/Pods-Flixster/Pods-Flixster.release.xcconfig"; sourceTree = "<group>"; };
		A90302E69C1B90FD24C6DCB6 /* Pods-Flixster-FlixsterUITests.debug.xcconfig */ = {isa = PBXFileReference; includeInIndex = 1; lastKnownFileType = text.xcconfig; name = "Pods-Flixster-FlixsterUITests.debug.xcconfig"; path = "Target Support Files/Pods-Flixster-FlixsterUITests/Pods-Flixster-FlixsterUITests.debug.xcconfig"; sourceTree = "<group>"; };
		B95AF746DDAF39FD7C311B88 /* Pods-FlixsterTests.debug.xcconfig */ = {isa = PBXFileReference; includeInIndex = 1; lastKnownFileType = text.xcconfig; name = "Pods-FlixsterTests.debug.xcconfig"; path = "Target Support Files/Pods-FlixsterTests/Pods-FlixsterTests.debug.xcconfig"; sourceTree = "<group>"; };
		BAC03A5B251FBAA4007C842A /* Flixster.app */ = {isa = PBXFileReference; explicitFileType = wrapper.application; includeInIndex = 0; path = Flixster.app; sourceTree = BUILT_PRODUCTS_DIR; };
		BAC03A5E251FBAA4007C842A /* AppDelegate.swift */ = {isa = PBXFileReference; lastKnownFileType = sourcecode.swift; path = AppDelegate.swift; sourceTree = "<group>"; };
		BAC03A60251FBAA4007C842A /* SceneDelegate.swift */ = {isa = PBXFileReference; lastKnownFileType = sourcecode.swift; path = SceneDelegate.swift; sourceTree = "<group>"; };
		BAC03A65251FBAA4007C842A /* Base */ = {isa = PBXFileReference; lastKnownFileType = file.storyboard; name = Base; path = Base.lproj/Main.storyboard; sourceTree = "<group>"; };
		BAC03A67251FBAA4007C842A /* Assets.xcassets */ = {isa = PBXFileReference; lastKnownFileType = folder.assetcatalog; path = Assets.xcassets; sourceTree = "<group>"; };
		BAC03A6A251FBAA4007C842A /* Base */ = {isa = PBXFileReference; lastKnownFileType = file.storyboard; name = Base; path = Base.lproj/LaunchScreen.storyboard; sourceTree = "<group>"; };
		BAC03A6C251FBAA4007C842A /* Info.plist */ = {isa = PBXFileReference; lastKnownFileType = text.plist.xml; path = Info.plist; sourceTree = "<group>"; };
		BAC03A71251FBAA4007C842A /* FlixsterTests.xctest */ = {isa = PBXFileReference; explicitFileType = wrapper.cfbundle; includeInIndex = 0; path = FlixsterTests.xctest; sourceTree = BUILT_PRODUCTS_DIR; };
		BAC03A75251FBAA4007C842A /* FlixsterTests.swift */ = {isa = PBXFileReference; lastKnownFileType = sourcecode.swift; path = FlixsterTests.swift; sourceTree = "<group>"; };
		BAC03A77251FBAA4007C842A /* Info.plist */ = {isa = PBXFileReference; lastKnownFileType = text.plist.xml; path = Info.plist; sourceTree = "<group>"; };
		BAC03A7C251FBAA5007C842A /* FlixsterUITests.xctest */ = {isa = PBXFileReference; explicitFileType = wrapper.cfbundle; includeInIndex = 0; path = FlixsterUITests.xctest; sourceTree = BUILT_PRODUCTS_DIR; };
		BAC03A80251FBAA5007C842A /* FlixsterUITests.swift */ = {isa = PBXFileReference; lastKnownFileType = sourcecode.swift; path = FlixsterUITests.swift; sourceTree = "<group>"; };
		BAC03A82251FBAA5007C842A /* Info.plist */ = {isa = PBXFileReference; lastKnownFileType = text.plist.xml; path = Info.plist; sourceTree = "<group>"; };
		BAC03A91251FBC96007C842A /* MoviesViewController.swift */ = {isa = PBXFileReference; lastKnownFileType = sourcecode.swift; path = MoviesViewController.swift; sourceTree = "<group>"; };
		BAC03A96251FD100007C842A /* MovieCell.swift */ = {isa = PBXFileReference; lastKnownFileType = sourcecode.swift; path = MovieCell.swift; sourceTree = "<group>"; };
		BAE71261252BA3A5001FF4AD /* MovieDetailsViewController.swift */ = {isa = PBXFileReference; lastKnownFileType = sourcecode.swift; path = MovieDetailsViewController.swift; sourceTree = "<group>"; };
		BAE71266252BBD67001FF4AD /* MovieGridViewController.swift */ = {isa = PBXFileReference; lastKnownFileType = sourcecode.swift; path = MovieGridViewController.swift; sourceTree = "<group>"; };
		BAE7126B252BE27A001FF4AD /* MovieGridCell.swift */ = {isa = PBXFileReference; lastKnownFileType = sourcecode.swift; path = MovieGridCell.swift; sourceTree = "<group>"; };
		BDCD82BD2D828F494FD8BF33 /* Pods_FlixsterTests.framework */ = {isa = PBXFileReference; explicitFileType = wrapper.framework; includeInIndex = 0; path = Pods_FlixsterTests.framework; sourceTree = BUILT_PRODUCTS_DIR; };
		C27032B8B5DC75DD774270C1 /* Pods-Flixster-FlixsterUITests.release.xcconfig */ = {isa = PBXFileReference; includeInIndex = 1; lastKnownFileType = text.xcconfig; name = "Pods-Flixster-FlixsterUITests.release.xcconfig"; path = "Target Support Files/Pods-Flixster-FlixsterUITests/Pods-Flixster-FlixsterUITests.release.xcconfig"; sourceTree = "<group>"; };
/* End PBXFileReference section */

/* Begin PBXFrameworksBuildPhase section */
		BAC03A58251FBAA4007C842A /* Frameworks */ = {
			isa = PBXFrameworksBuildPhase;
			buildActionMask = 2147483647;
			files = (
				110EACC833B5BA0D9E0C9CC3 /* Pods_Flixster.framework in Frameworks */,
			);
			runOnlyForDeploymentPostprocessing = 0;
		};
		BAC03A6E251FBAA4007C842A /* Frameworks */ = {
			isa = PBXFrameworksBuildPhase;
			buildActionMask = 2147483647;
			files = (
				7828CA8E2DA4D820950FD6CF /* Pods_FlixsterTests.framework in Frameworks */,
			);
			runOnlyForDeploymentPostprocessing = 0;
		};
		BAC03A79251FBAA5007C842A /* Frameworks */ = {
			isa = PBXFrameworksBuildPhase;
			buildActionMask = 2147483647;
			files = (
				42C90E33594837BA4EA2894E /* Pods_Flixster_FlixsterUITests.framework in Frameworks */,
			);
			runOnlyForDeploymentPostprocessing = 0;
		};
/* End PBXFrameworksBuildPhase section */

/* Begin PBXGroup section */
		572A79108EE3067846BC2249 /* Pods */ = {
			isa = PBXGroup;
			children = (
				63A3B24EACC5B8E93D54DC78 /* Pods-Flixster.debug.xcconfig */,
				A14B7E2CA32C5920CB00FE11 /* Pods-Flixster.release.xcconfig */,
				A90302E69C1B90FD24C6DCB6 /* Pods-Flixster-FlixsterUITests.debug.xcconfig */,
				C27032B8B5DC75DD774270C1 /* Pods-Flixster-FlixsterUITests.release.xcconfig */,
				B95AF746DDAF39FD7C311B88 /* Pods-FlixsterTests.debug.xcconfig */,
				82E5C835AA243BD6D216E9E2 /* Pods-FlixsterTests.release.xcconfig */,
			);
			path = Pods;
			sourceTree = "<group>";
		};
		85C336ABC07FBC1CE800D5BE /* Frameworks */ = {
			isa = PBXGroup;
			children = (
				3AE7720F2F2E9555F5E2C380 /* Pods_Flixster.framework */,
				36912F3BB14F574FCE3F86B2 /* Pods_Flixster_FlixsterUITests.framework */,
				BDCD82BD2D828F494FD8BF33 /* Pods_FlixsterTests.framework */,
			);
			name = Frameworks;
			sourceTree = "<group>";
		};
		BAC03A52251FBAA4007C842A = {
			isa = PBXGroup;
			children = (
				BAC03A5D251FBAA4007C842A /* Flixster */,
				BAC03A74251FBAA4007C842A /* FlixsterTests */,
				BAC03A7F251FBAA5007C842A /* FlixsterUITests */,
				BAC03A5C251FBAA4007C842A /* Products */,
				572A79108EE3067846BC2249 /* Pods */,
				85C336ABC07FBC1CE800D5BE /* Frameworks */,
			);
			sourceTree = "<group>";
		};
		BAC03A5C251FBAA4007C842A /* Products */ = {
			isa = PBXGroup;
			children = (
				BAC03A5B251FBAA4007C842A /* Flixster.app */,
				BAC03A71251FBAA4007C842A /* FlixsterTests.xctest */,
				BAC03A7C251FBAA5007C842A /* FlixsterUITests.xctest */,
			);
			name = Products;
			sourceTree = "<group>";
		};
		BAC03A5D251FBAA4007C842A /* Flixster */ = {
			isa = PBXGroup;
			children = (
				BAC03A5E251FBAA4007C842A /* AppDelegate.swift */,
				BAC03A60251FBAA4007C842A /* SceneDelegate.swift */,
				BAC03A64251FBAA4007C842A /* Main.storyboard */,
				BAC03A67251FBAA4007C842A /* Assets.xcassets */,
				BAC03A69251FBAA4007C842A /* LaunchScreen.storyboard */,
				BAC03A6C251FBAA4007C842A /* Info.plist */,
				BAC03A91251FBC96007C842A /* MoviesViewController.swift */,
				BAC03A96251FD100007C842A /* MovieCell.swift */,
				BAE71261252BA3A5001FF4AD /* MovieDetailsViewController.swift */,
				BAE71266252BBD67001FF4AD /* MovieGridViewController.swift */,
				BAE7126B252BE27A001FF4AD /* MovieGridCell.swift */,
			);
			path = Flixster;
			sourceTree = "<group>";
		};
		BAC03A74251FBAA4007C842A /* FlixsterTests */ = {
			isa = PBXGroup;
			children = (
				BAC03A75251FBAA4007C842A /* FlixsterTests.swift */,
				BAC03A77251FBAA4007C842A /* Info.plist */,
			);
			path = FlixsterTests;
			sourceTree = "<group>";
		};
		BAC03A7F251FBAA5007C842A /* FlixsterUITests */ = {
			isa = PBXGroup;
			children = (
				BAC03A80251FBAA5007C842A /* FlixsterUITests.swift */,
				BAC03A82251FBAA5007C842A /* Info.plist */,
			);
			path = FlixsterUITests;
			sourceTree = "<group>";
		};
/* End PBXGroup section */

/* Begin PBXNativeTarget section */
		BAC03A5A251FBAA4007C842A /* Flixster */ = {
			isa = PBXNativeTarget;
			buildConfigurationList = BAC03A85251FBAA5007C842A /* Build configuration list for PBXNativeTarget "Flixster" */;
			buildPhases = (
				31DA81B0544F3A30B8F3D18B /* [CP] Check Pods Manifest.lock */,
				BAC03A57251FBAA4007C842A /* Sources */,
				BAC03A58251FBAA4007C842A /* Frameworks */,
				BAC03A59251FBAA4007C842A /* Resources */,
				EE9455E43F55DD18D4CA3A43 /* [CP] Embed Pods Frameworks */,
			);
			buildRules = (
			);
			dependencies = (
			);
			name = Flixster;
			productName = Flixster;
			productReference = BAC03A5B251FBAA4007C842A /* Flixster.app */;
			productType = "com.apple.product-type.application";
		};
		BAC03A70251FBAA4007C842A /* FlixsterTests */ = {
			isa = PBXNativeTarget;
			buildConfigurationList = BAC03A88251FBAA5007C842A /* Build configuration list for PBXNativeTarget "FlixsterTests" */;
			buildPhases = (
				FDC74DA0E209C86D822EB050 /* [CP] Check Pods Manifest.lock */,
				BAC03A6D251FBAA4007C842A /* Sources */,
				BAC03A6E251FBAA4007C842A /* Frameworks */,
				BAC03A6F251FBAA4007C842A /* Resources */,
			);
			buildRules = (
			);
			dependencies = (
				BAC03A73251FBAA4007C842A /* PBXTargetDependency */,
			);
			name = FlixsterTests;
			productName = FlixsterTests;
			productReference = BAC03A71251FBAA4007C842A /* FlixsterTests.xctest */;
			productType = "com.apple.product-type.bundle.unit-test";
		};
		BAC03A7B251FBAA5007C842A /* FlixsterUITests */ = {
			isa = PBXNativeTarget;
			buildConfigurationList = BAC03A8B251FBAA5007C842A /* Build configuration list for PBXNativeTarget "FlixsterUITests" */;
			buildPhases = (
				C46710352B6F1A272068B67C /* [CP] Check Pods Manifest.lock */,
				BAC03A78251FBAA5007C842A /* Sources */,
				BAC03A79251FBAA5007C842A /* Frameworks */,
				BAC03A7A251FBAA5007C842A /* Resources */,
				AA912DBCBF5F82A2FB52C502 /* [CP] Embed Pods Frameworks */,
			);
			buildRules = (
			);
			dependencies = (
				BAC03A7E251FBAA5007C842A /* PBXTargetDependency */,
			);
			name = FlixsterUITests;
			productName = FlixsterUITests;
			productReference = BAC03A7C251FBAA5007C842A /* FlixsterUITests.xctest */;
			productType = "com.apple.product-type.bundle.ui-testing";
		};
/* End PBXNativeTarget section */

/* Begin PBXProject section */
		BAC03A53251FBAA4007C842A /* Project object */ = {
			isa = PBXProject;
			attributes = {
				LastSwiftUpdateCheck = 1200;
				LastUpgradeCheck = 1200;
				TargetAttributes = {
					BAC03A5A251FBAA4007C842A = {
						CreatedOnToolsVersion = 12.0.1;
					};
					BAC03A70251FBAA4007C842A = {
						CreatedOnToolsVersion = 12.0.1;
						TestTargetID = BAC03A5A251FBAA4007C842A;
					};
					BAC03A7B251FBAA5007C842A = {
						CreatedOnToolsVersion = 12.0.1;
						TestTargetID = BAC03A5A251FBAA4007C842A;
					};
				};
			};
			buildConfigurationList = BAC03A56251FBAA4007C842A /* Build configuration list for PBXProject "Flixster" */;
			compatibilityVersion = "Xcode 9.3";
			developmentRegion = en;
			hasScannedForEncodings = 0;
			knownRegions = (
				en,
				Base,
			);
			mainGroup = BAC03A52251FBAA4007C842A;
			productRefGroup = BAC03A5C251FBAA4007C842A /* Products */;
			projectDirPath = "";
			projectRoot = "";
			targets = (
				BAC03A5A251FBAA4007C842A /* Flixster */,
				BAC03A70251FBAA4007C842A /* FlixsterTests */,
				BAC03A7B251FBAA5007C842A /* FlixsterUITests */,
			);
		};
/* End PBXProject section */

/* Begin PBXResourcesBuildPhase section */
		BAC03A59251FBAA4007C842A /* Resources */ = {
			isa = PBXResourcesBuildPhase;
			buildActionMask = 2147483647;
			files = (
				BAC03A6B251FBAA4007C842A /* LaunchScreen.storyboard in Resources */,
				BAC03A68251FBAA4007C842A /* Assets.xcassets in Resources */,
				BAC03A66251FBAA4007C842A /* Main.storyboard in Resources */,
			);
			runOnlyForDeploymentPostprocessing = 0;
		};
		BAC03A6F251FBAA4007C842A /* Resources */ = {
			isa = PBXResourcesBuildPhase;
			buildActionMask = 2147483647;
			files = (
			);
			runOnlyForDeploymentPostprocessing = 0;
		};
		BAC03A7A251FBAA5007C842A /* Resources */ = {
			isa = PBXResourcesBuildPhase;
			buildActionMask = 2147483647;
			files = (
			);
			runOnlyForDeploymentPostprocessing = 0;
		};
/* End PBXResourcesBuildPhase section */

/* Begin PBXShellScriptBuildPhase section */
		31DA81B0544F3A30B8F3D18B /* [CP] Check Pods Manifest.lock */ = {
			isa = PBXShellScriptBuildPhase;
			buildActionMask = 2147483647;
			files = (
			);
			inputFileListPaths = (
			);
			inputPaths = (
				"${PODS_PODFILE_DIR_PATH}/Podfile.lock",
				"${PODS_ROOT}/Manifest.lock",
			);
			name = "[CP] Check Pods Manifest.lock";
			outputFileListPaths = (
			);
			outputPaths = (
				"$(DERIVED_FILE_DIR)/Pods-Flixster-checkManifestLockResult.txt",
			);
			runOnlyForDeploymentPostprocessing = 0;
			shellPath = /bin/sh;
			shellScript = "diff \"${PODS_PODFILE_DIR_PATH}/Podfile.lock\" \"${PODS_ROOT}/Manifest.lock\" > /dev/null\nif [ $? != 0 ] ; then\n    # print error to STDERR\n    echo \"error: The sandbox is not in sync with the Podfile.lock. Run 'pod install' or update your CocoaPods installation.\" >&2\n    exit 1\nfi\n# This output is used by Xcode 'outputs' to avoid re-running this script phase.\necho \"SUCCESS\" > \"${SCRIPT_OUTPUT_FILE_0}\"\n";
			showEnvVarsInLog = 0;
		};
		AA912DBCBF5F82A2FB52C502 /* [CP] Embed Pods Frameworks */ = {
			isa = PBXShellScriptBuildPhase;
			buildActionMask = 2147483647;
			files = (
			);
			inputFileListPaths = (
				"${PODS_ROOT}/Target Support Files/Pods-Flixster-FlixsterUITests/Pods-Flixster-FlixsterUITests-frameworks-${CONFIGURATION}-input-files.xcfilelist",
			);
			name = "[CP] Embed Pods Frameworks";
			outputFileListPaths = (
				"${PODS_ROOT}/Target Support Files/Pods-Flixster-FlixsterUITests/Pods-Flixster-FlixsterUITests-frameworks-${CONFIGURATION}-output-files.xcfilelist",
			);
			runOnlyForDeploymentPostprocessing = 0;
			shellPath = /bin/sh;
			shellScript = "\"${PODS_ROOT}/Target Support Files/Pods-Flixster-FlixsterUITests/Pods-Flixster-FlixsterUITests-frameworks.sh\"\n";
			showEnvVarsInLog = 0;
		};
		C46710352B6F1A272068B67C /* [CP] Check Pods Manifest.lock */ = {
			isa = PBXShellScriptBuildPhase;
			buildActionMask = 2147483647;
			files = (
			);
			inputFileListPaths = (
			);
			inputPaths = (
				"${PODS_PODFILE_DIR_PATH}/Podfile.lock",
				"${PODS_ROOT}/Manifest.lock",
			);
			name = "[CP] Check Pods Manifest.lock";
			outputFileListPaths = (
			);
			outputPaths = (
				"$(DERIVED_FILE_DIR)/Pods-Flixster-FlixsterUITests-checkManifestLockResult.txt",
			);
			runOnlyForDeploymentPostprocessing = 0;
			shellPath = /bin/sh;
			shellScript = "diff \"${PODS_PODFILE_DIR_PATH}/Podfile.lock\" \"${PODS_ROOT}/Manifest.lock\" > /dev/null\nif [ $? != 0 ] ; then\n    # print error to STDERR\n    echo \"error: The sandbox is not in sync with the Podfile.lock. Run 'pod install' or update your CocoaPods installation.\" >&2\n    exit 1\nfi\n# This output is used by Xcode 'outputs' to avoid re-running this script phase.\necho \"SUCCESS\" > \"${SCRIPT_OUTPUT_FILE_0}\"\n";
			showEnvVarsInLog = 0;
		};
		EE9455E43F55DD18D4CA3A43 /* [CP] Embed Pods Frameworks */ = {
			isa = PBXShellScriptBuildPhase;
			buildActionMask = 2147483647;
			files = (
			);
			inputFileListPaths = (
				"${PODS_ROOT}/Target Support Files/Pods-Flixster/Pods-Flixster-frameworks-${CONFIGURATION}-input-files.xcfilelist",
			);
			name = "[CP] Embed Pods Frameworks";
			outputFileListPaths = (
				"${PODS_ROOT}/Target Support Files/Pods-Flixster/Pods-Flixster-frameworks-${CONFIGURATION}-output-files.xcfilelist",
			);
			runOnlyForDeploymentPostprocessing = 0;
			shellPath = /bin/sh;
			shellScript = "\"${PODS_ROOT}/Target Support Files/Pods-Flixster/Pods-Flixster-frameworks.sh\"\n";
			showEnvVarsInLog = 0;
		};
		FDC74DA0E209C86D822EB050 /* [CP] Check Pods Manifest.lock */ = {
			isa = PBXShellScriptBuildPhase;
			buildActionMask = 2147483647;
			files = (
			);
			inputFileListPaths = (
			);
			inputPaths = (
				"${PODS_PODFILE_DIR_PATH}/Podfile.lock",
				"${PODS_ROOT}/Manifest.lock",
			);
			name = "[CP] Check Pods Manifest.lock";
			outputFileListPaths = (
			);
			outputPaths = (
				"$(DERIVED_FILE_DIR)/Pods-FlixsterTests-checkManifestLockResult.txt",
			);
			runOnlyForDeploymentPostprocessing = 0;
			shellPath = /bin/sh;
			shellScript = "diff \"${PODS_PODFILE_DIR_PATH}/Podfile.lock\" \"${PODS_ROOT}/Manifest.lock\" > /dev/null\nif [ $? != 0 ] ; then\n    # print error to STDERR\n    echo \"error: The sandbox is not in sync with the Podfile.lock. Run 'pod install' or update your CocoaPods installation.\" >&2\n    exit 1\nfi\n# This output is used by Xcode 'outputs' to avoid re-running this script phase.\necho \"SUCCESS\" > \"${SCRIPT_OUTPUT_FILE_0}\"\n";
			showEnvVarsInLog = 0;
		};
/* End PBXShellScriptBuildPhase section */

/* Begin PBXSourcesBuildPhase section */
		BAC03A57251FBAA4007C842A /* Sources */ = {
			isa = PBXSourcesBuildPhase;
			buildActionMask = 2147483647;
			files = (
				BAE71262252BA3A5001FF4AD /* MovieDetailsViewController.swift in Sources */,
				BAC03A5F251FBAA4007C842A /* AppDelegate.swift in Sources */,
				BAC03A61251FBAA4007C842A /* SceneDelegate.swift in Sources */,
				BAC03A97251FD100007C842A /* MovieCell.swift in Sources */,
				BAC03A92251FBC96007C842A /* MoviesViewController.swift in Sources */,
				BAE71267252BBD67001FF4AD /* MovieGridViewController.swift in Sources */,
				BAE7126C252BE27B001FF4AD /* MovieGridCell.swift in Sources */,
			);
			runOnlyForDeploymentPostprocessing = 0;
		};
		BAC03A6D251FBAA4007C842A /* Sources */ = {
			isa = PBXSourcesBuildPhase;
			buildActionMask = 2147483647;
			files = (
				BAC03A76251FBAA4007C842A /* FlixsterTests.swift in Sources */,
			);
			runOnlyForDeploymentPostprocessing = 0;
		};
		BAC03A78251FBAA5007C842A /* Sources */ = {
			isa = PBXSourcesBuildPhase;
			buildActionMask = 2147483647;
			files = (
				BAC03A81251FBAA5007C842A /* FlixsterUITests.swift in Sources */,
			);
			runOnlyForDeploymentPostprocessing = 0;
		};
/* End PBXSourcesBuildPhase section */

/* Begin PBXTargetDependency section */
		BAC03A73251FBAA4007C842A /* PBXTargetDependency */ = {
			isa = PBXTargetDependency;
			target = BAC03A5A251FBAA4007C842A /* Flixster */;
			targetProxy = BAC03A72251FBAA4007C842A /* PBXContainerItemProxy */;
		};
		BAC03A7E251FBAA5007C842A /* PBXTargetDependency */ = {
			isa = PBXTargetDependency;
			target = BAC03A5A251FBAA4007C842A /* Flixster */;
			targetProxy = BAC03A7D251FBAA5007C842A /* PBXContainerItemProxy */;
		};
/* End PBXTargetDependency section */

/* Begin PBXVariantGroup section */
		BAC03A64251FBAA4007C842A /* Main.storyboard */ = {
			isa = PBXVariantGroup;
			children = (
				BAC03A65251FBAA4007C842A /* Base */,
			);
			name = Main.storyboard;
			sourceTree = "<group>";
		};
		BAC03A69251FBAA4007C842A /* LaunchScreen.storyboard */ = {
			isa = PBXVariantGroup;
			children = (
				BAC03A6A251FBAA4007C842A /* Base */,
			);
			name = LaunchScreen.storyboard;
			sourceTree = "<group>";
		};
/* End PBXVariantGroup section */

/* Begin XCBuildConfiguration section */
		BAC03A83251FBAA5007C842A /* Debug */ = {
			isa = XCBuildConfiguration;
			buildSettings = {
				ALWAYS_SEARCH_USER_PATHS = NO;
				CLANG_ANALYZER_NONNULL = YES;
				CLANG_ANALYZER_NUMBER_OBJECT_CONVERSION = YES_AGGRESSIVE;
				CLANG_CXX_LANGUAGE_STANDARD = "gnu++14";
				CLANG_CXX_LIBRARY = "libc++";
				CLANG_ENABLE_MODULES = YES;
				CLANG_ENABLE_OBJC_ARC = YES;
				CLANG_ENABLE_OBJC_WEAK = YES;
				CLANG_WARN_BLOCK_CAPTURE_AUTORELEASING = YES;
				CLANG_WARN_BOOL_CONVERSION = YES;
				CLANG_WARN_COMMA = YES;
				CLANG_WARN_CONSTANT_CONVERSION = YES;
				CLANG_WARN_DEPRECATED_OBJC_IMPLEMENTATIONS = YES;
				CLANG_WARN_DIRECT_OBJC_ISA_USAGE = YES_ERROR;
				CLANG_WARN_DOCUMENTATION_COMMENTS = YES;
				CLANG_WARN_EMPTY_BODY = YES;
				CLANG_WARN_ENUM_CONVERSION = YES;
				CLANG_WARN_INFINITE_RECURSION = YES;
				CLANG_WARN_INT_CONVERSION = YES;
				CLANG_WARN_NON_LITERAL_NULL_CONVERSION = YES;
				CLANG_WARN_OBJC_IMPLICIT_RETAIN_SELF = YES;
				CLANG_WARN_OBJC_LITERAL_CONVERSION = YES;
				CLANG_WARN_OBJC_ROOT_CLASS = YES_ERROR;
				CLANG_WARN_QUOTED_INCLUDE_IN_FRAMEWORK_HEADER = YES;
				CLANG_WARN_RANGE_LOOP_ANALYSIS = YES;
				CLANG_WARN_STRICT_PROTOTYPES = YES;
				CLANG_WARN_SUSPICIOUS_MOVE = YES;
				CLANG_WARN_UNGUARDED_AVAILABILITY = YES_AGGRESSIVE;
				CLANG_WARN_UNREACHABLE_CODE = YES;
				CLANG_WARN__DUPLICATE_METHOD_MATCH = YES;
				COPY_PHASE_STRIP = NO;
				DEBUG_INFORMATION_FORMAT = dwarf;
				ENABLE_STRICT_OBJC_MSGSEND = YES;
				ENABLE_TESTABILITY = YES;
				GCC_C_LANGUAGE_STANDARD = gnu11;
				GCC_DYNAMIC_NO_PIC = NO;
				GCC_NO_COMMON_BLOCKS = YES;
				GCC_OPTIMIZATION_LEVEL = 0;
				GCC_PREPROCESSOR_DEFINITIONS = (
					"DEBUG=1",
					"$(inherited)",
				);
				GCC_WARN_64_TO_32_BIT_CONVERSION = YES;
				GCC_WARN_ABOUT_RETURN_TYPE = YES_ERROR;
				GCC_WARN_UNDECLARED_SELECTOR = YES;
				GCC_WARN_UNINITIALIZED_AUTOS = YES_AGGRESSIVE;
				GCC_WARN_UNUSED_FUNCTION = YES;
				GCC_WARN_UNUSED_VARIABLE = YES;
				IPHONEOS_DEPLOYMENT_TARGET = 14.0;
				MTL_ENABLE_DEBUG_INFO = INCLUDE_SOURCE;
				MTL_FAST_MATH = YES;
				ONLY_ACTIVE_ARCH = YES;
				SDKROOT = iphoneos;
				SWIFT_ACTIVE_COMPILATION_CONDITIONS = DEBUG;
				SWIFT_OPTIMIZATION_LEVEL = "-Onone";
			};
			name = Debug;
		};
		BAC03A84251FBAA5007C842A /* Release */ = {
			isa = XCBuildConfiguration;
			buildSettings = {
				ALWAYS_SEARCH_USER_PATHS = NO;
				CLANG_ANALYZER_NONNULL = YES;
				CLANG_ANALYZER_NUMBER_OBJECT_CONVERSION = YES_AGGRESSIVE;
				CLANG_CXX_LANGUAGE_STANDARD = "gnu++14";
				CLANG_CXX_LIBRARY = "libc++";
				CLANG_ENABLE_MODULES = YES;
				CLANG_ENABLE_OBJC_ARC = YES;
				CLANG_ENABLE_OBJC_WEAK = YES;
				CLANG_WARN_BLOCK_CAPTURE_AUTORELEASING = YES;
				CLANG_WARN_BOOL_CONVERSION = YES;
				CLANG_WARN_COMMA = YES;
				CLANG_WARN_CONSTANT_CONVERSION = YES;
				CLANG_WARN_DEPRECATED_OBJC_IMPLEMENTATIONS = YES;
				CLANG_WARN_DIRECT_OBJC_ISA_USAGE = YES_ERROR;
				CLANG_WARN_DOCUMENTATION_COMMENTS = YES;
				CLANG_WARN_EMPTY_BODY = YES;
				CLANG_WARN_ENUM_CONVERSION = YES;
				CLANG_WARN_INFINITE_RECURSION = YES;
				CLANG_WARN_INT_CONVERSION = YES;
				CLANG_WARN_NON_LITERAL_NULL_CONVERSION = YES;
				CLANG_WARN_OBJC_IMPLICIT_RETAIN_SELF = YES;
				CLANG_WARN_OBJC_LITERAL_CONVERSION = YES;
				CLANG_WARN_OBJC_ROOT_CLASS = YES_ERROR;
				CLANG_WARN_QUOTED_INCLUDE_IN_FRAMEWORK_HEADER = YES;
				CLANG_WARN_RANGE_LOOP_ANALYSIS = YES;
				CLANG_WARN_STRICT_PROTOTYPES = YES;
				CLANG_WARN_SUSPICIOUS_MOVE = YES;
				CLANG_WARN_UNGUARDED_AVAILABILITY = YES_AGGRESSIVE;
				CLANG_WARN_UNREACHABLE_CODE = YES;
				CLANG_WARN__DUPLICATE_METHOD_MATCH = YES;
				COPY_PHASE_STRIP = NO;
				DEBUG_INFORMATION_FORMAT = "dwarf-with-dsym";
				ENABLE_NS_ASSERTIONS = NO;
				ENABLE_STRICT_OBJC_MSGSEND = YES;
				GCC_C_LANGUAGE_STANDARD = gnu11;
				GCC_NO_COMMON_BLOCKS = YES;
				GCC_WARN_64_TO_32_BIT_CONVERSION = YES;
				GCC_WARN_ABOUT_RETURN_TYPE = YES_ERROR;
				GCC_WARN_UNDECLARED_SELECTOR = YES;
				GCC_WARN_UNINITIALIZED_AUTOS = YES_AGGRESSIVE;
				GCC_WARN_UNUSED_FUNCTION = YES;
				GCC_WARN_UNUSED_VARIABLE = YES;
				IPHONEOS_DEPLOYMENT_TARGET = 14.0;
				MTL_ENABLE_DEBUG_INFO = NO;
				MTL_FAST_MATH = YES;
				SDKROOT = iphoneos;
				SWIFT_COMPILATION_MODE = wholemodule;
				SWIFT_OPTIMIZATION_LEVEL = "-O";
				VALIDATE_PRODUCT = YES;
			};
			name = Release;
		};
		BAC03A86251FBAA5007C842A /* Debug */ = {
			isa = XCBuildConfiguration;
			baseConfigurationReference = 63A3B24EACC5B8E93D54DC78 /* Pods-Flixster.debug.xcconfig */;
			buildSettings = {
				ASSETCATALOG_COMPILER_APPICON_NAME = AppIcon;
				ASSETCATALOG_COMPILER_GLOBAL_ACCENT_COLOR_NAME = AccentColor;
				CODE_SIGN_STYLE = Automatic;
				INFOPLIST_FILE = Flixster/Info.plist;
				LD_RUNPATH_SEARCH_PATHS = (
					"$(inherited)",
					"@executable_path/Frameworks",
				);
				PRODUCT_BUNDLE_IDENTIFIER = codepath.Flixster;
				PRODUCT_NAME = "$(TARGET_NAME)";
				SWIFT_VERSION = 5.0;
				TARGETED_DEVICE_FAMILY = "1,2";
			};
			name = Debug;
		};
		BAC03A87251FBAA5007C842A /* Release */ = {
			isa = XCBuildConfiguration;
			baseConfigurationReference = A14B7E2CA32C5920CB00FE11 /* Pods-Flixster.release.xcconfig */;
			buildSettings = {
				ASSETCATALOG_COMPILER_APPICON_NAME = AppIcon;
				ASSETCATALOG_COMPILER_GLOBAL_ACCENT_COLOR_NAME = AccentColor;
				CODE_SIGN_STYLE = Automatic;
				INFOPLIST_FILE = Flixster/Info.plist;
				LD_RUNPATH_SEARCH_PATHS = (
					"$(inherited)",
					"@executable_path/Frameworks",
				);
				PRODUCT_BUNDLE_IDENTIFIER = codepath.Flixster;
				PRODUCT_NAME = "$(TARGET_NAME)";
				SWIFT_VERSION = 5.0;
				TARGETED_DEVICE_FAMILY = "1,2";
			};
			name = Release;
		};
		BAC03A89251FBAA5007C842A /* Debug */ = {
			isa = XCBuildConfiguration;
			baseConfigurationReference = B95AF746DDAF39FD7C311B88 /* Pods-FlixsterTests.debug.xcconfig */;
			buildSettings = {
				ALWAYS_EMBED_SWIFT_STANDARD_LIBRARIES = YES;
				BUNDLE_LOADER = "$(TEST_HOST)";
				CODE_SIGN_STYLE = Automatic;
				INFOPLIST_FILE = FlixsterTests/Info.plist;
				IPHONEOS_DEPLOYMENT_TARGET = 14.0;
				LD_RUNPATH_SEARCH_PATHS = (
					"$(inherited)",
					"@executable_path/Frameworks",
					"@loader_path/Frameworks",
				);
				PRODUCT_BUNDLE_IDENTIFIER = codepath.FlixsterTests;
				PRODUCT_NAME = "$(TARGET_NAME)";
				SWIFT_VERSION = 5.0;
				TARGETED_DEVICE_FAMILY = "1,2";
				TEST_HOST = "$(BUILT_PRODUCTS_DIR)/Flixster.app/Flixster";
			};
			name = Debug;
		};
		BAC03A8A251FBAA5007C842A /* Release */ = {
			isa = XCBuildConfiguration;
			baseConfigurationReference = 82E5C835AA243BD6D216E9E2 /* Pods-FlixsterTests.release.xcconfig */;
			buildSettings = {
				ALWAYS_EMBED_SWIFT_STANDARD_LIBRARIES = YES;
				BUNDLE_LOADER = "$(TEST_HOST)";
				CODE_SIGN_STYLE = Automatic;
				INFOPLIST_FILE = FlixsterTests/Info.plist;
				IPHONEOS_DEPLOYMENT_TARGET = 14.0;
				LD_RUNPATH_SEARCH_PATHS = (
					"$(inherited)",
					"@executable_path/Frameworks",
					"@loader_path/Frameworks",
				);
				PRODUCT_BUNDLE_IDENTIFIER = codepath.FlixsterTests;
				PRODUCT_NAME = "$(TARGET_NAME)";
				SWIFT_VERSION = 5.0;
				TARGETED_DEVICE_FAMILY = "1,2";
				TEST_HOST = "$(BUILT_PRODUCTS_DIR)/Flixster.app/Flixster";
			};
			name = Release;
		};
		BAC03A8C251FBAA5007C842A /* Debug */ = {
			isa = XCBuildConfiguration;
			baseConfigurationReference = A90302E69C1B90FD24C6DCB6 /* Pods-Flixster-FlixsterUITests.debug.xcconfig */;
			buildSettings = {
				ALWAYS_EMBED_SWIFT_STANDARD_LIBRARIES = YES;
				CODE_SIGN_STYLE = Automatic;
				INFOPLIST_FILE = FlixsterUITests/Info.plist;
				LD_RUNPATH_SEARCH_PATHS = (
					"$(inherited)",
					"@executable_path/Frameworks",
					"@loader_path/Frameworks",
				);
				PRODUCT_BUNDLE_IDENTIFIER = codepath.FlixsterUITests;
				PRODUCT_NAME = "$(TARGET_NAME)";
				SWIFT_VERSION = 5.0;
				TARGETED_DEVICE_FAMILY = "1,2";
				TEST_TARGET_NAME = Flixster;
			};
			name = Debug;
		};
		BAC03A8D251FBAA5007C842A /* Release */ = {
			isa = XCBuildConfiguration;
			baseConfigurationReference = C27032B8B5DC75DD774270C1 /* Pods-Flixster-FlixsterUITests.release.xcconfig */;
			buildSettings = {
				ALWAYS_EMBED_SWIFT_STANDARD_LIBRARIES = YES;
				CODE_SIGN_STYLE = Automatic;
				INFOPLIST_FILE = FlixsterUITests/Info.plist;
				LD_RUNPATH_SEARCH_PATHS = (
					"$(inherited)",
					"@executable_path/Frameworks",
					"@loader_path/Frameworks",
				);
				PRODUCT_BUNDLE_IDENTIFIER = codepath.FlixsterUITests;
				PRODUCT_NAME = "$(TARGET_NAME)";
				SWIFT_VERSION = 5.0;
				TARGETED_DEVICE_FAMILY = "1,2";
				TEST_TARGET_NAME = Flixster;
			};
			name = Release;
		};
/* End XCBuildConfiguration section */

/* Begin XCConfigurationList section */
		BAC03A56251FBAA4007C842A /* Build configuration list for PBXProject "Flixster" */ = {
			isa = XCConfigurationList;
			buildConfigurations = (
				BAC03A83251FBAA5007C842A /* Debug */,
				BAC03A84251FBAA5007C842A /* Release */,
			);
			defaultConfigurationIsVisible = 0;
			defaultConfigurationName = Release;
		};
		BAC03A85251FBAA5007C842A /* Build configuration list for PBXNativeTarget "Flixster" */ = {
			isa = XCConfigurationList;
			buildConfigurations = (
				BAC03A86251FBAA5007C842A /* Debug */,
				BAC03A87251FBAA5007C842A /* Release */,
			);
			defaultConfigurationIsVisible = 0;
			defaultConfigurationName = Release;
		};
		BAC03A88251FBAA5007C842A /* Build configuration list for PBXNativeTarget "FlixsterTests" */ = {
			isa = XCConfigurationList;
			buildConfigurations = (
				BAC03A89251FBAA5007C842A /* Debug */,
				BAC03A8A251FBAA5007C842A /* Release */,
			);
			defaultConfigurationIsVisible = 0;
			defaultConfigurationName = Release;
		};
		BAC03A8B251FBAA5007C842A /* Build configuration list for PBXNativeTarget "FlixsterUITests" */ = {
			isa = XCConfigurationList;
			buildConfigurations = (
				BAC03A8C251FBAA5007C842A /* Debug */,
				BAC03A8D251FBAA5007C842A /* Release */,
			);
			defaultConfigurationIsVisible = 0;
			defaultConfigurationName = Release;
		};
/* End XCConfigurationList section */
	};
	rootObject = BAC03A53251FBAA4007C842A /* Project object */;
}
